
Microsoft Visual Studio Solution File, Format Version 12.00
Project("{FAE04EC0-301F-11D3-BF4B-00C04F79EFBC}") = "SystemeBancaire", "SystemeBancaire\SystemeBancaire.csproj", "{D5217B99-B77C-4BF7-8821-61BB4F40704A}"
EndProject
Global
	GlobalSection(SolutionConfigurationPlatforms) = preSolution
		Debug|Any CPU = Debug|Any CPU
		Release|Any CPU = Release|Any CPU
	EndGlobalSection
	GlobalSection(ProjectConfigurationPlatforms) = postSolution
		{D5217B99-B77C-4BF7-8821-61BB4F40704A}.Debug|Any CPU.ActiveCfg = Debug|Any CPU
		{D5217B99-B77C-4BF7-8821-61BB4F40704A}.Debug|Any CPU.Build.0 = Debug|Any CPU
		{D5217B99-B77C-4BF7-8821-61BB4F40704A}.Release|Any CPU.ActiveCfg = Release|Any CPU
		{D5217B99-B77C-4BF7-8821-61BB4F40704A}.Release|Any CPU.Build.0 = Release|Any CPU
	EndGlobalSection
EndGlobal
